PODS:
  - LXGPUImage2 (6.2.3)

DEPENDENCIES:
  - LXGPUImage2 (from `https://github.com/thanhminhkma/GPUImage2.git`)

EXTERNAL SOURCES:
  LXGPUImage2:
    :git: https://github.com/thanhminhkma/GPUImage2.git

CHECKOUT OPTIONS:
  LXGPUImage2:
    :commit: 761202f71817795956e60bc87cf70b985b0e9ee9
    :git: https://github.com/thanhminhkma/GPUImage2.git

SPEC CHECKSUMS:
  LXGPUImage2: e364771ceaebdd14dbfe0c900589c27ef1d1cf31

PODFILE CHECKSUM: 32f591ec753328f4c89cba4e7cc448982f861fdb

COCOAPODS: 1.11.2
